
Microsoft Visual Studio Solution File, Format Version 12.00
Project("{FAE04EC0-301F-11D3-BF4B-00C04F79EFBC}") = "Сatalog.Presentation", "Сatalog.Presentation\Сatalog.Presentation.csproj", "{80D8C319-E61A-4ABD-8741-B66D128B0E71}"
EndProject
Project("{FAE04EC0-301F-11D3-BF4B-00C04F79EFBC}") = "Сatalog.Infrastructure", "Сatalog.Infrastructure\Сatalog.Infrastructure.csproj", "{7B0B4FCF-C6CE-4186-A476-B8DCE3F120C8}"
EndProject
Project("{FAE04EC0-301F-11D3-BF4B-00C04F79EFBC}") = "Сatalog.Domain", "Сatalog.Domain\Сatalog.Domain.csproj", "{C52D1C5A-06B0-47B8-9362-5C8AB1155168}"
EndProject
Project("{FAE04EC0-301F-11D3-BF4B-00C04F79EFBC}") = "Catalog.Application", "Catalog.Application\Catalog.Application.csproj", "{877A8FAD-CEEF-46CA-BD3F-1FD9406A8AC6}"
EndProject
Project("{FAE04EC0-301F-11D3-BF4B-00C04F79EFBC}") = "Catalog.BusinessLogic", "Catalog.BusinessLogic\Catalog.BusinessLogic.csproj", "{4E2D211B-3F6E-41E4-BFAE-42B6F04A971B}"
EndProject
Global
	GlobalSection(SolutionConfigurationPlatforms) = preSolution
		Debug|Any CPU = Debug|Any CPU
		Release|Any CPU = Release|Any CPU
	EndGlobalSection
	GlobalSection(ProjectConfigurationPlatforms) = postSolution
		{80D8C319-E61A-4ABD-8741-B66D128B0E71}.Debug|Any CPU.ActiveCfg = Debug|Any CPU
		{80D8C319-E61A-4ABD-8741-B66D128B0E71}.Debug|Any CPU.Build.0 = Debug|Any CPU
		{80D8C319-E61A-4ABD-8741-B66D128B0E71}.Release|Any CPU.ActiveCfg = Release|Any CPU
		{80D8C319-E61A-4ABD-8741-B66D128B0E71}.Release|Any CPU.Build.0 = Release|Any CPU
		{7B0B4FCF-C6CE-4186-A476-B8DCE3F120C8}.Debug|Any CPU.ActiveCfg = Debug|Any CPU
		{7B0B4FCF-C6CE-4186-A476-B8DCE3F120C8}.Debug|Any CPU.Build.0 = Debug|Any CPU
		{7B0B4FCF-C6CE-4186-A476-B8DCE3F120C8}.Release|Any CPU.ActiveCfg = Release|Any CPU
		{7B0B4FCF-C6CE-4186-A476-B8DCE3F120C8}.Release|Any CPU.Build.0 = Release|Any CPU
		{C52D1C5A-06B0-47B8-9362-5C8AB1155168}.Debug|Any CPU.ActiveCfg = Debug|Any CPU
		{C52D1C5A-06B0-47B8-9362-5C8AB1155168}.Debug|Any CPU.Build.0 = Debug|Any CPU
		{C52D1C5A-06B0-47B8-9362-5C8AB1155168}.Release|Any CPU.ActiveCfg = Release|Any CPU
		{C52D1C5A-06B0-47B8-9362-5C8AB1155168}.Release|Any CPU.Build.0 = Release|Any CPU
		{877A8FAD-CEEF-46CA-BD3F-1FD9406A8AC6}.Debug|Any CPU.ActiveCfg = Debug|Any CPU
		{877A8FAD-CEEF-46CA-BD3F-1FD9406A8AC6}.Debug|Any CPU.Build.0 = Debug|Any CPU
		{877A8FAD-CEEF-46CA-BD3F-1FD9406A8AC6}.Release|Any CPU.ActiveCfg = Release|Any CPU
		{877A8FAD-CEEF-46CA-BD3F-1FD9406A8AC6}.Release|Any CPU.Build.0 = Release|Any CPU
		{4E2D211B-3F6E-41E4-BFAE-42B6F04A971B}.Debug|Any CPU.ActiveCfg = Debug|Any CPU
		{4E2D211B-3F6E-41E4-BFAE-42B6F04A971B}.Debug|Any CPU.Build.0 = Debug|Any CPU
		{4E2D211B-3F6E-41E4-BFAE-42B6F04A971B}.Release|Any CPU.ActiveCfg = Release|Any CPU
		{4E2D211B-3F6E-41E4-BFAE-42B6F04A971B}.Release|Any CPU.Build.0 = Release|Any CPU
	EndGlobalSection
EndGlobal
