
Microsoft Visual Studio Solution File, Format Version 12.00
# Visual Studio Version 17
VisualStudioVersion = 17.5.33103.201
MinimumVisualStudioVersion = 10.0.40219.1
Project("{9A19103F-16F7-4668-BE54-9A1E7A4F7556}") = "Catalog.Domain", "Catalog.Domain\Catalog.Domain.csproj", "{00C251EB-591F-43F3-B05E-283FA9C402CB}"
EndProject
Project("{9A19103F-16F7-4668-BE54-9A1E7A4F7556}") = "Catalog.Infrastructure", "Catalog.Infrastructure\Catalog.Infrastructure.csproj", "{6814B736-F249-40E4-BB35-0A97328DF6F2}"
EndProject
Project("{9A19103F-16F7-4668-BE54-9A1E7A4F7556}") = "Catalog.API", "Catalog.API\Catalog.API.csproj", "{62E29A28-6DD3-4F01-881D-A18F865821E6}"
EndProject
Project("{FAE04EC0-301F-11D3-BF4B-00C04F79EFBC}") = "Catalog.Tests", "Catalog.Tests\Catalog.Tests.csproj", "{C7A7A564-BBE3-4820-8C20-650D175AB72B}"
	ProjectSection(ProjectDependencies) = postProject
		{00C251EB-591F-43F3-B05E-283FA9C402CB} = {00C251EB-591F-43F3-B05E-283FA9C402CB}
		{62E29A28-6DD3-4F01-881D-A18F865821E6} = {62E29A28-6DD3-4F01-881D-A18F865821E6}
		{6814B736-F249-40E4-BB35-0A97328DF6F2} = {6814B736-F249-40E4-BB35-0A97328DF6F2}
	EndProjectSection
EndProject
Global
	GlobalSection(SolutionConfigurationPlatforms) = preSolution
		Debug|Any CPU = Debug|Any CPU
		Release|Any CPU = Release|Any CPU
	EndGlobalSection
	GlobalSection(ProjectConfigurationPlatforms) = postSolution
		{00C251EB-591F-43F3-B05E-283FA9C402CB}.Debug|Any CPU.ActiveCfg = Debug|Any CPU
		{00C251EB-591F-43F3-B05E-283FA9C402CB}.Debug|Any CPU.Build.0 = Debug|Any CPU
		{00C251EB-591F-43F3-B05E-283FA9C402CB}.Release|Any CPU.ActiveCfg = Release|Any CPU
		{00C251EB-591F-43F3-B05E-283FA9C402CB}.Release|Any CPU.Build.0 = Release|Any CPU
		{6814B736-F249-40E4-BB35-0A97328DF6F2}.Debug|Any CPU.ActiveCfg = Debug|Any CPU
		{6814B736-F249-40E4-BB35-0A97328DF6F2}.Debug|Any CPU.Build.0 = Debug|Any CPU
		{6814B736-F249-40E4-BB35-0A97328DF6F2}.Release|Any CPU.ActiveCfg = Release|Any CPU
		{6814B736-F249-40E4-BB35-0A97328DF6F2}.Release|Any CPU.Build.0 = Release|Any CPU
		{62E29A28-6DD3-4F01-881D-A18F865821E6}.Debug|Any CPU.ActiveCfg = Debug|Any CPU
		{62E29A28-6DD3-4F01-881D-A18F865821E6}.Debug|Any CPU.Build.0 = Debug|Any CPU
		{62E29A28-6DD3-4F01-881D-A18F865821E6}.Release|Any CPU.ActiveCfg = Release|Any CPU
		{62E29A28-6DD3-4F01-881D-A18F865821E6}.Release|Any CPU.Build.0 = Release|Any CPU
		{C7A7A564-BBE3-4820-8C20-650D175AB72B}.Debug|Any CPU.ActiveCfg = Debug|Any CPU
		{C7A7A564-BBE3-4820-8C20-650D175AB72B}.Debug|Any CPU.Build.0 = Debug|Any CPU
		{C7A7A564-BBE3-4820-8C20-650D175AB72B}.Release|Any CPU.ActiveCfg = Release|Any CPU
		{C7A7A564-BBE3-4820-8C20-650D175AB72B}.Release|Any CPU.Build.0 = Release|Any CPU
	EndGlobalSection
	GlobalSection(SolutionProperties) = preSolution
		HideSolutionNode = FALSE
	EndGlobalSection
	GlobalSection(ExtensibilityGlobals) = postSolution
		SolutionGuid = {A86F062E-372A-47DF-B669-4E3BE11C8C1B}
	EndGlobalSection
EndGlobal
